// !$*UTF8*$!
{
	archiveVersion = 1;
	classes = {
	};
	objectVersion = 46;
	objects = {

/* Begin PBXBuildFile section */
		4A061C61144E5BA300EA823D /* Cocoa.framework in Frameworks */ = {isa = PBXBuildFile; fileRef = 4A061C60144E5BA300EA823D /* Cocoa.framework */; };
		4A061C6B144E5BA300EA823D /* InfoPlist.strings in Resources */ = {isa = PBXBuildFile; fileRef = 4A061C69144E5BA300EA823D /* InfoPlist.strings */; };
		4A061C6D144E5BA300EA823D /* main.mm in Sources */ = {isa = PBXBuildFile; fileRef = 4A061C6C144E5BA300EA823D /* main.mm */; };
		4A061C71144E5BA300EA823D /* Credits.rtf in Resources */ = {isa = PBXBuildFile; fileRef = 4A061C6F144E5BA300EA823D /* Credits.rtf */; };
		4A061C74144E5BA300EA823D /* AppDelegate.mm in Sources */ = {isa = PBXBuildFile; fileRef = 4A061C73144E5BA300EA823D /* AppDelegate.mm */; };
		4A061C77144E5BA300EA823D /* MainMenu.xib in Resources */ = {isa = PBXBuildFile; fileRef = 4A061C75144E5BA300EA823D /* MainMenu.xib */; };
		4A061C7F144E5BA300EA823D /* SenTestingKit.framework in Frameworks */ = {isa = PBXBuildFile; fileRef = 4A061C7E144E5BA300EA823D /* SenTestingKit.framework */; };
		4A061C80144E5BA300EA823D /* Cocoa.framework in Frameworks */ = {isa = PBXBuildFile; fileRef = 4A061C60144E5BA300EA823D /* Cocoa.framework */; };
		4A061C88144E5BA300EA823D /* InfoPlist.strings in Resources */ = {isa = PBXBuildFile; fileRef = 4A061C86144E5BA300EA823D /* InfoPlist.strings */; };
		4A061C8B144E5BA300EA823D /* EmbeddedV8Tests.m in Sources */ = {isa = PBXBuildFile; fileRef = 4A061C8A144E5BA300EA823D /* EmbeddedV8Tests.m */; };
		4A061C991450BCC300EA823D /* GameWorld.js in Resources */ = {isa = PBXBuildFile; fileRef = 4A061C981450BCC300EA823D /* GameWorld.js */; };
		4A061CA31450C03200EA823D /* Mushroom-Super.png in Resources */ = {isa = PBXBuildFile; fileRef = 4A061CA21450C03200EA823D /* Mushroom-Super.png */; };
		4A061CA61450C0A300EA823D /* GameView.mm in Sources */ = {isa = PBXBuildFile; fileRef = 4A061CA51450C0A300EA823D /* GameView.mm */; };
		4A061CAD1450CB2100EA823D /* border.png in Resources */ = {isa = PBXBuildFile; fileRef = 4A061CAC1450CB2100EA823D /* border.png */; };
		4A27F2611450CCF5009B5C56 /* physics.png in Resources */ = {isa = PBXBuildFile; fileRef = 4A27F2601450CCF5009B5C56 /* physics.png */; };
		4A478DA114511C5000F3D472 /* trash.png in Resources */ = {isa = PBXBuildFile; fileRef = 4A478DA014511C4F00F3D472 /* trash.png */; };
		4A57712E144FC34700EC96AF /* EntityFactory.js in Resources */ = {isa = PBXBuildFile; fileRef = 4A57712D144FC34700EC96AF /* EntityFactory.js */; };
		4A5771311450085800EC96AF /* Main.js in Resources */ = {isa = PBXBuildFile; fileRef = 4A5771301450085800EC96AF /* Main.js */; };
		4A5771371450834B00EC96AF /* ScriptManifest.plist in Resources */ = {isa = PBXBuildFile; fileRef = 4A5771361450834B00EC96AF /* ScriptManifest.plist */; };
		4A851A5B1451D70800BDFF21 /* clear.png in Resources */ = {isa = PBXBuildFile; fileRef = 4A851A5A1451D70800BDFF21 /* clear.png */; };
		4A851A5D1451D76000BDFF21 /* javascript.png in Resources */ = {isa = PBXBuildFile; fileRef = 4A851A5C1451D76000BDFF21 /* javascript.png */; };
		4AD1C821144E99C500D55C3B /* libv8.a in Frameworks */ = {isa = PBXBuildFile; fileRef = 4AD1C820144E99C500D55C3B /* libv8.a */; };
		4AD1C825144E9B7A00D55C3B /* ScriptEnv.cpp in Sources */ = {isa = PBXBuildFile; fileRef = 4AD1C823144E9B7A00D55C3B /* ScriptEnv.cpp */; };
		4AD1C829144F627F00D55C3B /* Entity.cpp in Sources */ = {isa = PBXBuildFile; fileRef = 4AD1C828144F627F00D55C3B /* Entity.cpp */; };
/* End PBXBuildFile section */

/* Begin PBXContainerItemProxy section */
		4A061C81144E5BA300EA823D /* PBXContainerItemProxy */ = {
			isa = PBXContainerItemProxy;
			containerPortal = 4A061C53144E5BA300EA823D /* Project object */;
			proxyType = 1;
			remoteGlobalIDString = 4A061C5B144E5BA300EA823D;
			remoteInfo = EmbeddedV8;
		};
/* End PBXContainerItemProxy section */

/* Begin PBXFileReference section */
		4A061C5C144E5BA300EA823D /* EmbeddedV8.app */ = {isa = PBXFileReference; explicitFileType = wrapper.application; includeInIndex = 0; path = EmbeddedV8.app; sourceTree = BUILT_PRODUCTS_DIR; };
		4A061C60144E5BA300EA823D /* Cocoa.framework */ = {isa = PBXFileReference; lastKnownFileType = wrapper.framework; name = Cocoa.framework; path = System/Library/Frameworks/Cocoa.framework; sourceTree = SDKROOT; };
		4A061C63144E5BA300EA823D /* AppKit.framework */ = {isa = PBXFileReference; lastKnownFileType = wrapper.framework; name = AppKit.framework; path = System/Library/Frameworks/AppKit.framework; sourceTree = SDKROOT; };
		4A061C64144E5BA300EA823D /* CoreData.framework */ = {isa = PBXFileReference; lastKnownFileType = wrapper.framework; name = CoreData.framework; path = System/Library/Frameworks/CoreData.framework; sourceTree = SDKROOT; };
		4A061C65144E5BA300EA823D /* Foundation.framework */ = {isa = PBXFileReference; lastKnownFileType = wrapper.framework; name = Foundation.framework; path = System/Library/Frameworks/Foundation.framework; sourceTree = SDKROOT; };
		4A061C68144E5BA300EA823D /* EmbeddedV8-Info.plist */ = {isa = PBXFileReference; lastKnownFileType = text.plist.xml; path = "EmbeddedV8-Info.plist"; sourceTree = "<group>"; };
		4A061C6A144E5BA300EA823D /* en */ = {isa = PBXFileReference; lastKnownFileType = text.plist.strings; name = en; path = en.lproj/InfoPlist.strings; sourceTree = "<group>"; };
		4A061C6C144E5BA300EA823D /* main.mm */ = {isa = PBXFileReference; lastKnownFileType = sourcecode.cpp.objcpp; path = main.mm; sourceTree = "<group>"; };
		4A061C6E144E5BA300EA823D /* EmbeddedV8-Prefix.pch */ = {isa = PBXFileReference; lastKnownFileType = sourcecode.c.h; path = "EmbeddedV8-Prefix.pch"; sourceTree = "<group>"; };
		4A061C70144E5BA300EA823D /* en */ = {isa = PBXFileReference; lastKnownFileType = text.rtf; name = en; path = en.lproj/Credits.rtf; sourceTree = "<group>"; };
		4A061C72144E5BA300EA823D /* AppDelegate.h */ = {isa = PBXFileReference; lastKnownFileType = sourcecode.c.h; path = AppDelegate.h; sourceTree = "<group>"; };
		4A061C73144E5BA300EA823D /* AppDelegate.mm */ = {isa = PBXFileReference; lastKnownFileType = sourcecode.cpp.objcpp; path = AppDelegate.mm; sourceTree = "<group>"; };
		4A061C76144E5BA300EA823D /* en */ = {isa = PBXFileReference; lastKnownFileType = file.xib; name = en; path = en.lproj/MainMenu.xib; sourceTree = "<group>"; };
		4A061C7D144E5BA300EA823D /* EmbeddedV8Tests.octest */ = {isa = PBXFileReference; explicitFileType = wrapper.cfbundle; includeInIndex = 0; path = EmbeddedV8Tests.octest; sourceTree = BUILT_PRODUCTS_DIR; };
		4A061C7E144E5BA300EA823D /* SenTestingKit.framework */ = {isa = PBXFileReference; lastKnownFileType = wrapper.framework; name = SenTestingKit.framework; path = Library/Frameworks/SenTestingKit.framework; sourceTree = DEVELOPER_DIR; };
		4A061C85144E5BA300EA823D /* EmbeddedV8Tests-Info.plist */ = {isa = PBXFileReference; lastKnownFileType = text.plist.xml; path = "EmbeddedV8Tests-Info.plist"; sourceTree = "<group>"; };
		4A061C87144E5BA300EA823D /* en */ = {isa = PBXFileReference; lastKnownFileType = text.plist.strings; name = en; path = en.lproj/InfoPlist.strings; sourceTree = "<group>"; };
		4A061C89144E5BA300EA823D /* EmbeddedV8Tests.h */ = {isa = PBXFileReference; lastKnownFileType = sourcecode.c.h; path = EmbeddedV8Tests.h; sourceTree = "<group>"; };
		4A061C8A144E5BA300EA823D /* EmbeddedV8Tests.m */ = {isa = PBXFileReference; lastKnownFileType = sourcecode.c.objc; path = EmbeddedV8Tests.m; sourceTree = "<group>"; };
		4A061C981450BCC300EA823D /* GameWorld.js */ = {isa = PBXFileReference; fileEncoding = 4; lastKnownFileType = sourcecode.javascript; name = GameWorld.js; path = JavaScript/GameWorld.js; sourceTree = "<group>"; };
		4A061CA21450C03200EA823D /* Mushroom-Super.png */ = {isa = PBXFileReference; lastKnownFileType = image.png; path = "Mushroom-Super.png"; sourceTree = "<group>"; };
		4A061CA41450C0A300EA823D /* GameView.h */ = {isa = PBXFileReference; fileEncoding = 4; lastKnownFileType = sourcecode.c.h; path = GameView.h; sourceTree = "<group>"; };
		4A061CA51450C0A300EA823D /* GameView.mm */ = {isa = PBXFileReference; fileEncoding = 4; lastKnownFileType = sourcecode.cpp.objcpp; path = GameView.mm; sourceTree = "<group>"; };
		4A061CAC1450CB2100EA823D /* border.png */ = {isa = PBXFileReference; lastKnownFileType = image.png; path = border.png; sourceTree = "<group>"; };
		4A27F2601450CCF5009B5C56 /* physics.png */ = {isa = PBXFileReference; lastKnownFileType = image.png; path = physics.png; sourceTree = "<group>"; };
		4A478D991450E9F500F3D472 /* ScriptUtils.h */ = {isa = PBXFileReference; fileEncoding = 4; lastKnownFileType = sourcecode.c.h; path = ScriptUtils.h; sourceTree = "<group>"; };
		4A478DA014511C4F00F3D472 /* trash.png */ = {isa = PBXFileReference; lastKnownFileType = image.png; path = trash.png; sourceTree = "<group>"; };
		4A577129144F7C9600EC96AF /* ScriptClassWrapper.h */ = {isa = PBXFileReference; fileEncoding = 4; lastKnownFileType = sourcecode.c.h; path = ScriptClassWrapper.h; sourceTree = "<group>"; };
		4A57712B144FA87900EC96AF /* EntityWrapper.h */ = {isa = PBXFileReference; fileEncoding = 4; lastKnownFileType = sourcecode.c.h; name = EntityWrapper.h; path = Game/EntityWrapper.h; sourceTree = "<group>"; };
		4A57712D144FC34700EC96AF /* EntityFactory.js */ = {isa = PBXFileReference; fileEncoding = 4; lastKnownFileType = sourcecode.javascript; name = EntityFactory.js; path = JavaScript/EntityFactory.js; sourceTree = "<group>"; };
		4A5771301450085800EC96AF /* Main.js */ = {isa = PBXFileReference; fileEncoding = 4; lastKnownFileType = sourcecode.javascript; name = Main.js; path = JavaScript/Main.js; sourceTree = "<group>"; };
		4A5771361450834B00EC96AF /* ScriptManifest.plist */ = {isa = PBXFileReference; fileEncoding = 4; lastKnownFileType = text.plist.xml; name = ScriptManifest.plist; path = EmbeddedV8/ScriptManifest.plist; sourceTree = SOURCE_ROOT; };
		4A851A5A1451D70800BDFF21 /* clear.png */ = {isa = PBXFileReference; lastKnownFileType = image.png; path = clear.png; sourceTree = "<group>"; };
		4A851A5C1451D76000BDFF21 /* javascript.png */ = {isa = PBXFileReference; lastKnownFileType = image.png; path = javascript.png; sourceTree = "<group>"; };
		4AD1C820144E99C500D55C3B /* libv8.a */ = {isa = PBXFileReference; lastKnownFileType = archive.ar; name = libv8.a; path = V8/libs/libv8.a; sourceTree = "<group>"; };
		4AD1C823144E9B7A00D55C3B /* ScriptEnv.cpp */ = {isa = PBXFileReference; fileEncoding = 4; lastKnownFileType = sourcecode.cpp.cpp; path = ScriptEnv.cpp; sourceTree = "<group>"; };
		4AD1C824144E9B7A00D55C3B /* ScriptEnv.h */ = {isa = PBXFileReference; fileEncoding = 4; lastKnownFileType = sourcecode.c.h; path = ScriptEnv.h; sourceTree = "<group>"; };
		4AD1C826144E9EEB00D55C3B /* ScriptBinder.h */ = {isa = PBXFileReference; fileEncoding = 4; lastKnownFileType = sourcecode.c.h; path = ScriptBinder.h; sourceTree = "<group>"; };
		4AD1C828144F627F00D55C3B /* Entity.cpp */ = {isa = PBXFileReference; fileEncoding = 4; lastKnownFileType = sourcecode.cpp.cpp; name = Entity.cpp; path = Game/Entity.cpp; sourceTree = "<group>"; };
		4AD1C82A144F629600D55C3B /* Entity.h */ = {isa = PBXFileReference; fileEncoding = 4; lastKnownFileType = sourcecode.c.h; name = Entity.h; path = Game/Entity.h; sourceTree = "<group>"; };
/* End PBXFileReference section */

/* Begin PBXFrameworksBuildPhase section */
		4A061C59144E5BA300EA823D /* Frameworks */ = {
			isa = PBXFrameworksBuildPhase;
			buildActionMask = 2147483647;
			files = (
				4AD1C821144E99C500D55C3B /* libv8.a in Frameworks */,
				4A061C61144E5BA300EA823D /* Cocoa.framework in Frameworks */,
			);
			runOnlyForDeploymentPostprocessing = 0;
		};
		4A061C79144E5BA300EA823D /* Frameworks */ = {
			isa = PBXFrameworksBuildPhase;
			buildActionMask = 2147483647;
			files = (
				4A061C7F144E5BA300EA823D /* SenTestingKit.framework in Frameworks */,
				4A061C80144E5BA300EA823D /* Cocoa.framework in Frameworks */,
			);
			runOnlyForDeploymentPostprocessing = 0;
		};
/* End PBXFrameworksBuildPhase section */

/* Begin PBXGroup section */
		4A061C51144E5BA300EA823D = {
			isa = PBXGroup;
			children = (
				4A061C66144E5BA300EA823D /* EmbeddedV8 */,
				4A061C83144E5BA300EA823D /* EmbeddedV8Tests */,
				4A061C5F144E5BA300EA823D /* Frameworks */,
				4A061C5D144E5BA300EA823D /* Products */,
			);
			sourceTree = "<group>";
		};
		4A061C5D144E5BA300EA823D /* Products */ = {
			isa = PBXGroup;
			children = (
				4A061C5C144E5BA300EA823D /* EmbeddedV8.app */,
				4A061C7D144E5BA300EA823D /* EmbeddedV8Tests.octest */,
			);
			name = Products;
			sourceTree = "<group>";
		};
		4A061C5F144E5BA300EA823D /* Frameworks */ = {
			isa = PBXGroup;
			children = (
				4AD1C820144E99C500D55C3B /* libv8.a */,
				4A061C60144E5BA300EA823D /* Cocoa.framework */,
				4A061C7E144E5BA300EA823D /* SenTestingKit.framework */,
				4A061C62144E5BA300EA823D /* Other Frameworks */,
			);
			name = Frameworks;
			sourceTree = "<group>";
		};
		4A061C62144E5BA300EA823D /* Other Frameworks */ = {
			isa = PBXGroup;
			children = (
				4A061C63144E5BA300EA823D /* AppKit.framework */,
				4A061C64144E5BA300EA823D /* CoreData.framework */,
				4A061C65144E5BA300EA823D /* Foundation.framework */,
			);
			name = "Other Frameworks";
			sourceTree = "<group>";
		};
		4A061C66144E5BA300EA823D /* EmbeddedV8 */ = {
			isa = PBXGroup;
			children = (
				4A851A591451326900BDFF21 /* Application */,
				4A57712C144FC2E700EC96AF /* JavaScript */,
				4AD1C827144F624900D55C3B /* Game */,
				4AD1C822144E9B7A00D55C3B /* Scripting */,
				4A061C67144E5BA300EA823D /* Supporting Files */,
			);
			path = EmbeddedV8;
			sourceTree = "<group>";
		};
		4A061C67144E5BA300EA823D /* Supporting Files */ = {
			isa = PBXGroup;
			children = (
				4A851A5C1451D76000BDFF21 /* javascript.png */,
				4A851A5A1451D70800BDFF21 /* clear.png */,
				4A061C75144E5BA300EA823D /* MainMenu.xib */,
				4A478DA014511C4F00F3D472 /* trash.png */,
				4A27F2601450CCF5009B5C56 /* physics.png */,
				4A061CAC1450CB2100EA823D /* border.png */,
				4A061CA21450C03200EA823D /* Mushroom-Super.png */,
				4A5771361450834B00EC96AF /* ScriptManifest.plist */,
				4A061C68144E5BA300EA823D /* EmbeddedV8-Info.plist */,
				4A061C69144E5BA300EA823D /* InfoPlist.strings */,
				4A061C6C144E5BA300EA823D /* main.mm */,
				4A061C6E144E5BA300EA823D /* EmbeddedV8-Prefix.pch */,
				4A061C6F144E5BA300EA823D /* Credits.rtf */,
			);
			name = "Supporting Files";
			sourceTree = "<group>";
		};
		4A061C83144E5BA300EA823D /* EmbeddedV8Tests */ = {
			isa = PBXGroup;
			children = (
				4A061C89144E5BA300EA823D /* EmbeddedV8Tests.h */,
				4A061C8A144E5BA300EA823D /* EmbeddedV8Tests.m */,
				4A061C84144E5BA300EA823D /* Supporting Files */,
			);
			path = EmbeddedV8Tests;
			sourceTree = "<group>";
		};
		4A061C84144E5BA300EA823D /* Supporting Files */ = {
			isa = PBXGroup;
			children = (
				4A061C85144E5BA300EA823D /* EmbeddedV8Tests-Info.plist */,
				4A061C86144E5BA300EA823D /* InfoPlist.strings */,
			);
			name = "Supporting Files";
			sourceTree = "<group>";
		};
		4A57712C144FC2E700EC96AF /* JavaScript */ = {
			isa = PBXGroup;
			children = (
				4A5771301450085800EC96AF /* Main.js */,
				4A57712D144FC34700EC96AF /* EntityFactory.js */,
				4A061C981450BCC300EA823D /* GameWorld.js */,
			);
			name = JavaScript;
			sourceTree = "<group>";
		};
		4A851A591451326900BDFF21 /* Application */ = {
			isa = PBXGroup;
			children = (
				4A061C72144E5BA300EA823D /* AppDelegate.h */,
				4A061C73144E5BA300EA823D /* AppDelegate.mm */,
				4A061CA41450C0A300EA823D /* GameView.h */,
				4A061CA51450C0A300EA823D /* GameView.mm */,
			);
			name = Application;
			sourceTree = "<group>";
		};
		4AD1C822144E9B7A00D55C3B /* Scripting */ = {
			isa = PBXGroup;
			children = (
				4AD1C826144E9EEB00D55C3B /* ScriptBinder.h */,
				4AD1C823144E9B7A00D55C3B /* ScriptEnv.cpp */,
				4AD1C824144E9B7A00D55C3B /* ScriptEnv.h */,
				4A577129144F7C9600EC96AF /* ScriptClassWrapper.h */,
				4A478D991450E9F500F3D472 /* ScriptUtils.h */,
			);
			path = Scripting;
			sourceTree = "<group>";
		};
		4AD1C827144F624900D55C3B /* Game */ = {
			isa = PBXGroup;
			children = (
				4AD1C828144F627F00D55C3B /* Entity.cpp */,
				4AD1C82A144F629600D55C3B /* Entity.h */,
				4A57712B144FA87900EC96AF /* EntityWrapper.h */,
			);
			name = Game;
			sourceTree = "<group>";
		};
/* End PBXGroup section */

/* Begin PBXNativeTarget section */
		4A061C5B144E5BA300EA823D /* EmbeddedV8 */ = {
			isa = PBXNativeTarget;
			buildConfigurationList = 4A061C8E144E5BA300EA823D /* Build configuration list for PBXNativeTarget "EmbeddedV8" */;
			buildPhases = (
				4A061C58144E5BA300EA823D /* Sources */,
				4A061C59144E5BA300EA823D /* Frameworks */,
				4A061C5A144E5BA300EA823D /* Resources */,
			);
			buildRules = (
			);
			dependencies = (
			);
			name = EmbeddedV8;
			productName = EmbeddedV8;
			productReference = 4A061C5C144E5BA300EA823D /* EmbeddedV8.app */;
			productType = "com.apple.product-type.application";
		};
		4A061C7C144E5BA300EA823D /* EmbeddedV8Tests */ = {
			isa = PBXNativeTarget;
			buildConfigurationList = 4A061C91144E5BA300EA823D /* Build configuration list for PBXNativeTarget "EmbeddedV8Tests" */;
			buildPhases = (
				4A061C78144E5BA300EA823D /* Sources */,
				4A061C79144E5BA300EA823D /* Frameworks */,
				4A061C7A144E5BA300EA823D /* Resources */,
				4A061C7B144E5BA300EA823D /* ShellScript */,
			);
			buildRules = (
			);
			dependencies = (
				4A061C82144E5BA300EA823D /* PBXTargetDependency */,
			);
			name = EmbeddedV8Tests;
			productName = EmbeddedV8Tests;
			productReference = 4A061C7D144E5BA300EA823D /* EmbeddedV8Tests.octest */;
			productType = "com.apple.product-type.bundle";
		};
/* End PBXNativeTarget section */

/* Begin PBXProject section */
		4A061C53144E5BA300EA823D /* Project object */ = {
			isa = PBXProject;
			attributes = {
				LastUpgradeCheck = 0420;
			};
			buildConfigurationList = 4A061C56144E5BA300EA823D /* Build configuration list for PBXProject "EmbeddedV8" */;
			compatibilityVersion = "Xcode 3.2";
			developmentRegion = English;
			hasScannedForEncodings = 0;
			knownRegions = (
				en,
			);
			mainGroup = 4A061C51144E5BA300EA823D;
			productRefGroup = 4A061C5D144E5BA300EA823D /* Products */;
			projectDirPath = "";
			projectRoot = "";
			targets = (
				4A061C5B144E5BA300EA823D /* EmbeddedV8 */,
				4A061C7C144E5BA300EA823D /* EmbeddedV8Tests */,
			);
		};
/* End PBXProject section */

/* Begin PBXResourcesBuildPhase section */
		4A061C5A144E5BA300EA823D /* Resources */ = {
			isa = PBXResourcesBuildPhase;
			buildActionMask = 2147483647;
			files = (
				4A061C6B144E5BA300EA823D /* InfoPlist.strings in Resources */,
				4A061C71144E5BA300EA823D /* Credits.rtf in Resources */,
				4A061C77144E5BA300EA823D /* MainMenu.xib in Resources */,
				4A57712E144FC34700EC96AF /* EntityFactory.js in Resources */,
				4A5771311450085800EC96AF /* Main.js in Resources */,
				4A061C991450BCC300EA823D /* GameWorld.js in Resources */,
				4A5771371450834B00EC96AF /* ScriptManifest.plist in Resources */,
				4A061CA31450C03200EA823D /* Mushroom-Super.png in Resources */,
				4A061CAD1450CB2100EA823D /* border.png in Resources */,
				4A27F2611450CCF5009B5C56 /* physics.png in Resources */,
				4A478DA114511C5000F3D472 /* trash.png in Resources */,
				4A851A5B1451D70800BDFF21 /* clear.png in Resources */,
				4A851A5D1451D76000BDFF21 /* javascript.png in Resources */,
			);
			runOnlyForDeploymentPostprocessing = 0;
		};
		4A061C7A144E5BA300EA823D /* Resources */ = {
			isa = PBXResourcesBuildPhase;
			buildActionMask = 2147483647;
			files = (
				4A061C88144E5BA300EA823D /* InfoPlist.strings in Resources */,
			);
			runOnlyForDeploymentPostprocessing = 0;
		};
/* End PBXResourcesBuildPhase section */

/* Begin PBXShellScriptBuildPhase section */
		4A061C7B144E5BA300EA823D /* ShellScript */ = {
			isa = PBXShellScriptBuildPhase;
			buildActionMask = 2147483647;
			files = (
			);
			inputPaths = (
			);
			outputPaths = (
			);
			runOnlyForDeploymentPostprocessing = 0;
			shellPath = /bin/sh;
			shellScript = "# Run the unit tests in this test bundle.\n\"${SYSTEM_DEVELOPER_DIR}/Tools/RunUnitTests\"\n";
		};
/* End PBXShellScriptBuildPhase section */

/* Begin PBXSourcesBuildPhase section */
		4A061C58144E5BA300EA823D /* Sources */ = {
			isa = PBXSourcesBuildPhase;
			buildActionMask = 2147483647;
			files = (
				4A061C6D144E5BA300EA823D /* main.mm in Sources */,
				4A061C74144E5BA300EA823D /* AppDelegate.mm in Sources */,
				4AD1C825144E9B7A00D55C3B /* ScriptEnv.cpp in Sources */,
				4AD1C829144F627F00D55C3B /* Entity.cpp in Sources */,
				4A061CA61450C0A300EA823D /* GameView.mm in Sources */,
			);
			runOnlyForDeploymentPostprocessing = 0;
		};
		4A061C78144E5BA300EA823D /* Sources */ = {
			isa = PBXSourcesBuildPhase;
			buildActionMask = 2147483647;
			files = (
				4A061C8B144E5BA300EA823D /* EmbeddedV8Tests.m in Sources */,
			);
			runOnlyForDeploymentPostprocessing = 0;
		};
/* End PBXSourcesBuildPhase section */

/* Begin PBXTargetDependency section */
		4A061C82144E5BA300EA823D /* PBXTargetDependency */ = {
			isa = PBXTargetDependency;
			target = 4A061C5B144E5BA300EA823D /* EmbeddedV8 */;
			targetProxy = 4A061C81144E5BA300EA823D /* PBXContainerItemProxy */;
		};
/* End PBXTargetDependency section */

/* Begin PBXVariantGroup section */
		4A061C69144E5BA300EA823D /* InfoPlist.strings */ = {
			isa = PBXVariantGroup;
			children = (
				4A061C6A144E5BA300EA823D /* en */,
			);
			name = InfoPlist.strings;
			sourceTree = "<group>";
		};
		4A061C6F144E5BA300EA823D /* Credits.rtf */ = {
			isa = PBXVariantGroup;
			children = (
				4A061C70144E5BA300EA823D /* en */,
			);
			name = Credits.rtf;
			sourceTree = "<group>";
		};
		4A061C75144E5BA300EA823D /* MainMenu.xib */ = {
			isa = PBXVariantGroup;
			children = (
				4A061C76144E5BA300EA823D /* en */,
			);
			name = MainMenu.xib;
			sourceTree = "<group>";
		};
		4A061C86144E5BA300EA823D /* InfoPlist.strings */ = {
			isa = PBXVariantGroup;
			children = (
				4A061C87144E5BA300EA823D /* en */,
			);
			name = InfoPlist.strings;
			sourceTree = "<group>";
		};
/* End PBXVariantGroup section */

/* Begin XCBuildConfiguration section */
		4A061C8C144E5BA300EA823D /* Debug */ = {
			isa = XCBuildConfiguration;
			buildSettings = {
				ALWAYS_SEARCH_USER_PATHS = NO;
				ARCHS = "$(ARCHS_STANDARD_64_BIT)";
				CLANG_ENABLE_OBJC_ARC = YES;
				COPY_PHASE_STRIP = NO;
				GCC_C_LANGUAGE_STANDARD = gnu99;
				GCC_DYNAMIC_NO_PIC = NO;
				GCC_ENABLE_OBJC_EXCEPTIONS = YES;
				GCC_OPTIMIZATION_LEVEL = 0;
				GCC_PREPROCESSOR_DEFINITIONS = (
					"DEBUG=1",
					"$(inherited)",
				);
				GCC_SYMBOLS_PRIVATE_EXTERN = NO;
				GCC_VERSION = com.apple.compilers.llvm.clang.1_0;
				GCC_WARN_64_TO_32_BIT_CONVERSION = YES;
				GCC_WARN_ABOUT_MISSING_PROTOTYPES = YES;
				GCC_WARN_ABOUT_RETURN_TYPE = YES;
				GCC_WARN_UNUSED_VARIABLE = YES;
				MACOSX_DEPLOYMENT_TARGET = 10.7;
				ONLY_ACTIVE_ARCH = YES;
				SDKROOT = macosx;
			};
			name = Debug;
		};
		4A061C8D144E5BA300EA823D /* Release */ = {
			isa = XCBuildConfiguration;
			buildSettings = {
				ALWAYS_SEARCH_USER_PATHS = NO;
				ARCHS = "$(ARCHS_STANDARD_64_BIT)";
				CLANG_ENABLE_OBJC_ARC = YES;
				COPY_PHASE_STRIP = YES;
				DEBUG_INFORMATION_FORMAT = "dwarf-with-dsym";
				GCC_C_LANGUAGE_STANDARD = gnu99;
				GCC_ENABLE_OBJC_EXCEPTIONS = YES;
				GCC_VERSION = com.apple.compilers.llvm.clang.1_0;
				GCC_WARN_64_TO_32_BIT_CONVERSION = YES;
				GCC_WARN_ABOUT_MISSING_PROTOTYPES = YES;
				GCC_WARN_ABOUT_RETURN_TYPE = YES;
				GCC_WARN_UNUSED_VARIABLE = YES;
				MACOSX_DEPLOYMENT_TARGET = 10.7;
				SDKROOT = macosx;
			};
			name = Release;
		};
		4A061C8F144E5BA300EA823D /* Debug */ = {
			isa = XCBuildConfiguration;
			buildSettings = {
				ARCHS = "$(ARCHS_STANDARD_64_BIT)";
				GCC_PRECOMPILE_PREFIX_HEADER = YES;
				GCC_PREFIX_HEADER = "EmbeddedV8/EmbeddedV8-Prefix.pch";
				GCC_VERSION = com.apple.compilers.llvm.clang.1_0;
				HEADER_SEARCH_PATHS = "\"$(SRCROOT)/V8/include\"";
				INFOPLIST_FILE = "EmbeddedV8/EmbeddedV8-Info.plist";
				LIBRARY_SEARCH_PATHS = (
					"$(inherited)",
					"\"$(SRCROOT)/V8/libs\"",
				);
				MACOSX_DEPLOYMENT_TARGET = 10.6;
				PRODUCT_NAME = "$(TARGET_NAME)";
				SDKROOT = macosx10.7;
				WRAPPER_EXTENSION = app;
			};
			name = Debug;
		};
		4A061C90144E5BA300EA823D /* Release */ = {
			isa = XCBuildConfiguration;
			buildSettings = {
				ARCHS = "$(ARCHS_STANDARD_64_BIT)";
				GCC_PRECOMPILE_PREFIX_HEADER = YES;
				GCC_PREFIX_HEADER = "EmbeddedV8/EmbeddedV8-Prefix.pch";
				GCC_VERSION = com.apple.compilers.llvm.clang.1_0;
				HEADER_SEARCH_PATHS = "\"$(SRCROOT)/V8/include\"";
				INFOPLIST_FILE = "EmbeddedV8/EmbeddedV8-Info.plist";
				LIBRARY_SEARCH_PATHS = (
					"$(inherited)",
					"\"$(SRCROOT)/V8/libs\"",
				);
				MACOSX_DEPLOYMENT_TARGET = 10.6;
				PRODUCT_NAME = "$(TARGET_NAME)";
				SDKROOT = macosx10.7;
				WRAPPER_EXTENSION = app;
			};
			name = Release;
		};
		4A061C92144E5BA300EA823D /* Debug */ = {
			isa = XCBuildConfiguration;
			buildSettings = {
				BUNDLE_LOADER = "$(BUILT_PRODUCTS_DIR)/EmbeddedV8.app/Contents/MacOS/EmbeddedV8";
				FRAMEWORK_SEARCH_PATHS = "$(DEVELOPER_LIBRARY_DIR)/Frameworks";
				GCC_PRECOMPILE_PREFIX_HEADER = YES;
				GCC_PREFIX_HEADER = "EmbeddedV8/EmbeddedV8-Prefix.pch";
				INFOPLIST_FILE = "EmbeddedV8Tests/EmbeddedV8Tests-Info.plist";
				PRODUCT_NAME = "$(TARGET_NAME)";
				TEST_HOST = "$(BUNDLE_LOADER)";
				WRAPPER_EXTENSION = octest;
			};
			name = Debug;
		};
		4A061C93144E5BA300EA823D /* Release */ = {
			isa = XCBuildConfiguration;
			buildSettings = {
				BUNDLE_LOADER = "$(BUILT_PRODUCTS_DIR)/EmbeddedV8.app/Contents/MacOS/EmbeddedV8";
				FRAMEWORK_SEARCH_PATHS = "$(DEVELOPER_LIBRARY_DIR)/Frameworks";
				GCC_PRECOMPILE_PREFIX_HEADER = YES;
				GCC_PREFIX_HEADER = "EmbeddedV8/EmbeddedV8-Prefix.pch";
				INFOPLIST_FILE = "EmbeddedV8Tests/EmbeddedV8Tests-Info.plist";
				PRODUCT_NAME = "$(TARGET_NAME)";
				TEST_HOST = "$(BUNDLE_LOADER)";
				WRAPPER_EXTENSION = octest;
			};
			name = Release;
		};
/* End XCBuildConfiguration section */

/* Begin XCConfigurationList section */
		4A061C56144E5BA300EA823D /* Build configuration list for PBXProject "EmbeddedV8" */ = {
			isa = XCConfigurationList;
			buildConfigurations = (
				4A061C8C144E5BA300EA823D /* Debug */,
				4A061C8D144E5BA300EA823D /* Release */,
			);
			defaultConfigurationIsVisible = 0;
			defaultConfigurationName = Release;
		};
		4A061C8E144E5BA300EA823D /* Build configuration list for PBXNativeTarget "EmbeddedV8" */ = {
			isa = XCConfigurationList;
			buildConfigurations = (
				4A061C8F144E5BA300EA823D /* Debug */,
				4A061C90144E5BA300EA823D /* Release */,
			);
			defaultConfigurationIsVisible = 0;
			defaultConfigurationName = Release;
		};
		4A061C91144E5BA300EA823D /* Build configuration list for PBXNativeTarget "EmbeddedV8Tests" */ = {
			isa = XCConfigurationList;
			buildConfigurations = (
				4A061C92144E5BA300EA823D /* Debug */,
				4A061C93144E5BA300EA823D /* Release */,
			);
			defaultConfigurationIsVisible = 0;
			defaultConfigurationName = Release;
		};
/* End XCConfigurationList section */
	};
	rootObject = 4A061C53144E5BA300EA823D /* Project object */;
}
